
Microsoft Visual Studio Solution File, Format Version 12.00
# Visual Studio Version 17
VisualStudioVersion = 17.0.32112.339
MinimumVisualStudioVersion = 10.0.40219.1
Project("{9A19103F-16F7-4668-BE54-9A1E7A4F7556}") = "Lab2", "Lab2\Lab2.csproj", "{AB8EEEAE-76BE-4DBF-9CC7-CF5A490B33B4}"
EndProject
Project("{FAE04EC0-301F-11D3-BF4B-00C04F79EFBC}") = "Converter", "Converter\Converter.csproj", "{DA4BB133-B84B-49FC-9653-A6FF0B740A31}"
EndProject
Project("{FAE04EC0-301F-11D3-BF4B-00C04F79EFBC}") = "Employee", "Employee\Employee.csproj", "{67B959F0-6C50-407B-828D-95214C82E1EC}"
EndProject
Project("{FAE04EC0-301F-11D3-BF4B-00C04F79EFBC}") = "User", "User\User.csproj", "{EB5394EC-F61D-4F76-8822-80C479F3BAEE}"
EndProject
Global
	GlobalSection(SolutionConfigurationPlatforms) = preSolution
		Debug|Any CPU = Debug|Any CPU
		Release|Any CPU = Release|Any CPU
	EndGlobalSection
	GlobalSection(ProjectConfigurationPlatforms) = postSolution
		{AB8EEEAE-76BE-4DBF-9CC7-CF5A490B33B4}.Debug|Any CPU.ActiveCfg = Debug|Any CPU
		{AB8EEEAE-76BE-4DBF-9CC7-CF5A490B33B4}.Debug|Any CPU.Build.0 = Debug|Any CPU
		{AB8EEEAE-76BE-4DBF-9CC7-CF5A490B33B4}.Release|Any CPU.ActiveCfg = Release|Any CPU
		{AB8EEEAE-76BE-4DBF-9CC7-CF5A490B33B4}.Release|Any CPU.Build.0 = Release|Any CPU
		{DA4BB133-B84B-49FC-9653-A6FF0B740A31}.Debug|Any CPU.ActiveCfg = Debug|Any CPU
		{DA4BB133-B84B-49FC-9653-A6FF0B740A31}.Debug|Any CPU.Build.0 = Debug|Any CPU
		{DA4BB133-B84B-49FC-9653-A6FF0B740A31}.Release|Any CPU.ActiveCfg = Release|Any CPU
		{DA4BB133-B84B-49FC-9653-A6FF0B740A31}.Release|Any CPU.Build.0 = Release|Any CPU
		{67B959F0-6C50-407B-828D-95214C82E1EC}.Debug|Any CPU.ActiveCfg = Debug|Any CPU
		{67B959F0-6C50-407B-828D-95214C82E1EC}.Debug|Any CPU.Build.0 = Debug|Any CPU
		{67B959F0-6C50-407B-828D-95214C82E1EC}.Release|Any CPU.ActiveCfg = Release|Any CPU
		{67B959F0-6C50-407B-828D-95214C82E1EC}.Release|Any CPU.Build.0 = Release|Any CPU
		{EB5394EC-F61D-4F76-8822-80C479F3BAEE}.Debug|Any CPU.ActiveCfg = Debug|Any CPU
		{EB5394EC-F61D-4F76-8822-80C479F3BAEE}.Debug|Any CPU.Build.0 = Debug|Any CPU
		{EB5394EC-F61D-4F76-8822-80C479F3BAEE}.Release|Any CPU.ActiveCfg = Release|Any CPU
		{EB5394EC-F61D-4F76-8822-80C479F3BAEE}.Release|Any CPU.Build.0 = Release|Any CPU
	EndGlobalSection
	GlobalSection(SolutionProperties) = preSolution
		HideSolutionNode = FALSE
	EndGlobalSection
	GlobalSection(ExtensibilityGlobals) = postSolution
		SolutionGuid = {63F174CC-450D-489C-8BF6-57A1B1EE544A}
	EndGlobalSection
EndGlobal
